# This file is autogenerated, do not edit; changes may be undone by the next 'dep ensure'.


[[projects]]
  branch = "master"
  name = "github.com/elojah/services"
  packages = ["."]
  revision = "d9930d97b9f832fd753fd538ee6d68db5b501b51"

[[projects]]
  name = "github.com/influxdata/influxdb"
  packages = [
    "client/v2",
    "models",
    "pkg/escape"
  ]
  revision = "02d7d4f043b34ecb4e9b2dbec298c6f9450c2a32"
  version = "v1.5.2"

[solve-meta]
  analyzer-name = "dep"
  analyzer-version = 1
  inputs-digest = "52dca82b03d69b4f9d351fa28225beec68477c465d53c2359318bb34f52f23f6"
  solver-name = "gps-cdcl"
  solver-version = 1
